# This file is automatically @generated by Poetry 1.5.1 and should not be changed by hand.

[[package]]
name = "cleo"
version = "2.0.1"
description = "Cleo allows you to create beautiful and testable command-line interfaces."
optional = false
python-versions = ">=3.7,<4.0"
files = [
    {file = "cleo-2.0.1-py3-none-any.whl", hash = "sha256:6eb133670a3ed1f3b052d53789017b6e50fca66d1287e6e6696285f4cb8ea448"},
    {file = "cleo-2.0.1.tar.gz", hash = "sha256:eb4b2e1f3063c11085cebe489a6e9124163c226575a3c3be69b2e51af4a15ec5"},
]

[package.dependencies]
crashtest = ">=0.4.1,<0.5.0"
rapidfuzz = ">=2.2.0,<3.0.0"

[[package]]
name = "crashtest"
version = "0.4.1"
description = "Manage Python errors with ease"
optional = false
python-versions = ">=3.7,<4.0"
files = [
    {file = "crashtest-0.4.1-py3-none-any.whl", hash = "sha256:8d23eac5fa660409f57472e3851dab7ac18aba459a8d19cbbba86d3d5aecd2a5"},
    {file = "crashtest-0.4.1.tar.gz", hash = "sha256:80d7b1f316ebfbd429f648076d6275c877ba30ba48979de4191714a75266f0ce"},
]

[[package]]
name = "rapidfuzz"
version = "2.15.1"
description = "rapid fuzzy string matching"
optional = false
python-versions = ">=3.7"
files = [
    {file = "rapidfuzz-2.15.1-cp310-cp310-macosx_10_9_universal2.whl", hash = "sha256:fc0bc259ebe3b93e7ce9df50b3d00e7345335d35acbd735163b7c4b1957074d3"},
    {file = "rapidfuzz-2.15.1-cp310-cp310-macosx_10_9_x86_64.whl", hash = "sha256:d59fb3a410d253f50099d7063855c2b95df1ef20ad93ea3a6b84115590899f25"},
    {file = "rapidfuzz-2.15.1-cp310-cp310-macosx_11_0_arm64.whl", hash = "sha256:c525a3da17b6d79d61613096c8683da86e3573e807dfaecf422eea09e82b5ba6"},
    {file = "rapidfuzz-2.15.1-cp310-cp310-manylinux_2_17_aarch64.manylinux2014_aarch64.whl", hash = "sha256:d4deae6a918ecc260d0c4612257be8ba321d8e913ccb43155403842758c46fbe"},
    {file = "rapidfuzz-2.15.1-cp310-cp310-manylinux_2_17_i686.manylinux2014_i686.whl", hash = "sha256:2577463d10811386e704a3ab58b903eb4e2a31b24dfd9886d789b0084d614b01"},
    {file = "rapidfuzz-2.15.1-cp310-cp310-manylinux_2_17_ppc64le.manylinux2014_ppc64le.whl", hash = "sha256:f67d5f56aa48c0da9de4ab81bffb310683cf7815f05ea38e5aa64f3ba4368339"},
    {file = "rapidfuzz-2.15.1-cp310-cp310-manylinux_2_17_s390x.manylinux2014_s390x.whl", hash = "sha256:d7927722ff43690e52b3145b5bd3089151d841d350c6f8378c3cfac91f67573a"},
    {file = "rapidfuzz-2.15.1-cp310-cp310-manylinux_2_17_x86_64.manylinux2014_x86_64.whl", hash = "sha256:6534afc787e32c4104f65cdeb55f6abe4d803a2d0553221d00ef9ce12788dcde"},
    {file = "rapidfuzz-2.15.1-cp310-cp310-musllinux_1_1_aarch64.whl", hash = "sha256:d0ae6ec79a1931929bb9dd57bc173eb5ba4c7197461bf69e3a34b6dd314feed2"},
    {file = "rapidfuzz-2.15.1-cp310-cp310-musllinux_1_1_i686.whl", hash = "sha256:be7ccc45c4d1a7dfb595f260e8022a90c6cb380c2a346ee5aae93f85c96d362b"},
    {file = "rapidfuzz-2.15.1-cp310-cp310-musllinux_1_1_ppc64le.whl", hash = "sha256:8ba013500a2b68c64b2aecc5fb56a2dad6c2872cf545a0308fd044827b6e5f6a"},
    {file = "rapidfuzz-2.15.1-cp310-cp310-musllinux_1_1_s390x.whl", hash = "sha256:4d9f7d10065f657f960b48699e7dddfce14ab91af4bab37a215f0722daf0d716"},
    {file = "rapidfuzz-2.15.1-cp310-cp310-musllinux_1_1_x86_64.whl", hash = "sha256:7e24a1b802cea04160b3fccd75d2d0905065783ebc9de157d83c14fb9e1c6ce2"},
    {file = "rapidfuzz-2.15.1-cp310-cp310-win32.whl", hash = "sha256:dffdf03499e0a5b3442951bb82b556333b069e0661e80568752786c79c5b32de"},
    {file = "rapidfuzz-2.15.1-cp310-cp310-win_amd64.whl", hash = "sha256:7d150d90a7c6caae7962f29f857a4e61d42038cfd82c9df38508daf30c648ae7"},
    {file = "rapidfuzz-2.15.1-cp310-cp310-win_arm64.whl", hash = "sha256:87c30e9184998ff6eb0fa9221f94282ce7c908fd0da96a1ef66ecadfaaa4cdb7"},
    {file = "rapidfuzz-2.15.1-cp311-cp311-macosx_10_9_universal2.whl", hash = "sha256:6986413cb37035eb796e32f049cbc8c13d8630a4ac1e0484e3e268bb3662bd1b"},
    {file = "rapidfuzz-2.15.1-cp311-cp311-macosx_10_9_x86_64.whl", hash = "sha256:a72f26e010d4774b676f36e43c0fc8a2c26659efef4b3be3fd7714d3491e9957"},
    {file = "rapidfuzz-2.15.1-cp311-cp311-macosx_11_0_arm64.whl", hash = "sha256:b5cd54c98a387cca111b3b784fc97a4f141244bbc28a92d4bde53f164464112e"},
    {file = "rapidfuzz-2.15.1-cp311-cp311-manylinux_2_17_aarch64.manylinux2014_aarch64.whl", hash = "sha256:da7fac7c3da39f93e6b2ebe386ed0ffe1cefec91509b91857f6e1204509e931f"},
    {file = "rapidfuzz-2.15.1-cp311-cp311-manylinux_2_17_i686.manylinux2014_i686.whl", hash = "sha256:f976e76ac72f650790b3a5402431612175b2ac0363179446285cb3c901136ca9"},
    {file = "rapidfuzz-2.15.1-cp311-cp311-manylinux_2_17_ppc64le.manylinux2014_ppc64le.whl", hash = "sha256:abde47e1595902a490ed14d4338d21c3509156abb2042a99e6da51f928e0c117"},
    {file = "rapidfuzz-2.15.1-cp311-cp311-manylinux_2_17_s390x.manylinux2014_s390x.whl", hash = "sha256:ca8f1747007a3ce919739a60fa95c5325f7667cccf6f1c1ef18ae799af119f5e"},
    {file = "rapidfuzz-2.15.1-cp311-cp311-manylinux_2_17_x86_64.manylinux2014_x86_64.whl", hash = "sha256:c35da09ab9797b020d0d4f07a66871dfc70ea6566363811090353ea971748b5a"},
    {file = "rapidfuzz-2.15.1-cp311-cp311-musllinux_1_1_aarch64.whl", hash = "sha256:a3a769ca7580686a66046b77df33851b3c2d796dc1eb60c269b68f690f3e1b65"},
    {file = "rapidfuzz-2.15.1-cp311-cp311-musllinux_1_1_i686.whl", hash = "sha256:d50622efefdb03a640a51a6123748cd151d305c1f0431af762e833d6ffef71f0"},
    {file = "rapidfuzz-2.15.1-cp311-cp311-musllinux_1_1_ppc64le.whl", hash = "sha256:b7461b0a7651d68bc23f0896bffceea40f62887e5ab8397bf7caa883592ef5cb"},
    {file = "rapidfuzz-2.15.1-cp311-cp311-musllinux_1_1_s390x.whl", hash = "sha256:074ee9e17912e025c72a5780ee4c7c413ea35cd26449719cc399b852d4e42533"},
    {file = "rapidfuzz-2.15.1-cp311-cp311-musllinux_1_1_x86_64.whl", hash = "sha256:7025fb105a11f503943f17718cdb8241ea3bb4d812c710c609e69bead40e2ff0"},
    {file = "rapidfuzz-2.15.1-cp311-cp311-win32.whl", hash = "sha256:2084d36b95139413cef25e9487257a1cc892b93bd1481acd2a9656f7a1d9930c"},
    {file = "rapidfuzz-2.15.1-cp311-cp311-win_amd64.whl", hash = "sha256:5a738fcd24e34bce4b19126b92fdae15482d6d3a90bd687fd3d24ce9d28ce82d"},
    {file = "rapidfuzz-2.15.1-cp311-cp311-win_arm64.whl", hash = "sha256:dc3cafa68cfa54638632bdcadf9aab89a3d182b4a3f04d2cad7585ed58ea8731"},
    {file = "rapidfuzz-2.15.1-cp37-cp37m-macosx_10_9_x86_64.whl", hash = "sha256:3c53d57ba7a88f7bf304d4ea5a14a0ca112db0e0178fff745d9005acf2879f7d"},
    {file = "rapidfuzz-2.15.1-cp37-cp37m-manylinux_2_17_aarch64.manylinux2014_aarch64.whl", hash = "sha256:a6ee758eec4cf2215dc8d8eafafcea0d1f48ad4b0135767db1b0f7c5c40a17dd"},
    {file = "rapidfuzz-2.15.1-cp37-cp37m-manylinux_2_17_i686.manylinux2014_i686.whl", hash = "sha256:2d93ba3ae59275e7a3a116dac4ffdb05e9598bf3ee0861fecc5b60fb042d539e"},
    {file = "rapidfuzz-2.15.1-cp37-cp37m-manylinux_2_17_ppc64le.manylinux2014_ppc64le.whl", hash = "sha256:7c3ff75e647908ddbe9aa917fbe39a112d5631171f3fcea5809e2363e525a59d"},
    {file = "rapidfuzz-2.15.1-cp37-cp37m-manylinux_2_17_s390x.manylinux2014_s390x.whl", hash = "sha256:6d89c421702474c6361245b6b199e6e9783febacdbfb6b002669e6cb3ef17a09"},
    {file = "rapidfuzz-2.15.1-cp37-cp37m-manylinux_2_17_x86_64.manylinux2014_x86_64.whl", hash = "sha256:4f69e6199fec0f58f9a89afbbaea78d637c7ce77f656a03a1d6ea6abdc1d44f8"},
    {file = "rapidfuzz-2.15.1-cp37-cp37m-musllinux_1_1_aarch64.whl", hash = "sha256:41dfea282844d0628279b4db2929da0dacb8ac317ddc5dcccc30093cf16357c1"},
    {file = "rapidfuzz-2.15.1-cp37-cp37m-musllinux_1_1_i686.whl", hash = "sha256:2dd03477feefeccda07b7659dd614f6738cfc4f9b6779dd61b262a73b0a9a178"},
    {file = "rapidfuzz-2.15.1-cp37-cp37m-musllinux_1_1_ppc64le.whl", hash = "sha256:5efe035aa76ff37d1b5fa661de3c4b4944de9ff227a6c0b2e390a95c101814c0"},
    {file = "rapidfuzz-2.15.1-cp37-cp37m-musllinux_1_1_s390x.whl", hash = "sha256:ed2cf7c69102c7a0a06926d747ed855bc836f52e8d59a5d1e3adfd980d1bd165"},
    {file = "rapidfuzz-2.15.1-cp37-cp37m-musllinux_1_1_x86_64.whl", hash = "sha256:a0e441d4c2025110ec3eba5d54f11f78183269a10152b3a757a739ffd1bb12bf"},
    {file = "rapidfuzz-2.15.1-cp37-cp37m-win32.whl", hash = "sha256:a4a54efe17cc9f53589c748b53f28776dfdfb9bc83619685740cb7c37985ac2f"},
    {file = "rapidfuzz-2.15.1-cp37-cp37m-win_amd64.whl", hash = "sha256:bb8318116ecac4dfb84841d8b9b461f9bb0c3be5b616418387d104f72d2a16d1"},
    {file = "rapidfuzz-2.15.1-cp38-cp38-macosx_10_9_universal2.whl", hash = "sha256:e9296c530e544f68858c3416ad1d982a1854f71e9d2d3dcedb5b216e6d54f067"},
    {file = "rapidfuzz-2.15.1-cp38-cp38-macosx_10_9_x86_64.whl", hash = "sha256:49c4bcdb9238f11f8c4eba1b898937f09b92280d6f900023a8216008f299b41a"},
    {file = "rapidfuzz-2.15.1-cp38-cp38-macosx_11_0_arm64.whl", hash = "sha256:ebb40a279e134bb3fef099a8b58ed5beefb201033d29bdac005bddcdb004ef71"},
    {file = "rapidfuzz-2.15.1-cp38-cp38-manylinux_2_17_aarch64.manylinux2014_aarch64.whl", hash = "sha256:a7381c11cb590bbd4e6f2d8779a0b34fdd2234dfa13d0211f6aee8ca166d9d05"},
    {file = "rapidfuzz-2.15.1-cp38-cp38-manylinux_2_17_i686.manylinux2014_i686.whl", hash = "sha256:cfdcdedfd12a0077193f2cf3626ff6722c5a184adf0d2d51f1ec984bf21c23c3"},
    {file = "rapidfuzz-2.15.1-cp38-cp38-manylinux_2_17_ppc64le.manylinux2014_ppc64le.whl", hash = "sha256:f85bece1ec59bda8b982bd719507d468d4df746dfb1988df11d916b5e9fe19e8"},
    {file = "rapidfuzz-2.15.1-cp38-cp38-manylinux_2_17_s390x.manylinux2014_s390x.whl", hash = "sha256:b1b393f4a1eaa6867ffac6aef58cfb04bab2b3d7d8e40b9fe2cf40dd1d384601"},
    {file = "rapidfuzz-2.15.1-cp38-cp38-manylinux_2_17_x86_64.manylinux2014_x86_64.whl", hash = "sha256:53de456ef020a77bf9d7c6c54860a48e2e902584d55d3001766140ac45c54bc7"},
    {file = "rapidfuzz-2.15.1-cp38-cp38-musllinux_1_1_aarch64.whl", hash = "sha256:2492330bc38b76ed967eab7bdaea63a89b6ceb254489e2c65c3824efcbf72993"},
    {file = "rapidfuzz-2.15.1-cp38-cp38-musllinux_1_1_i686.whl", hash = "sha256:099e4c6befaa8957a816bdb67ce664871f10aaec9bebf2f61368cf7e0869a7a1"},
    {file = "rapidfuzz-2.15.1-cp38-cp38-musllinux_1_1_ppc64le.whl", hash = "sha256:46599b2ad4045dd3f794a24a6db1e753d23304699d4984462cf1ead02a51ddf3"},
    {file = "rapidfuzz-2.15.1-cp38-cp38-musllinux_1_1_s390x.whl", hash = "sha256:591f19d16758a3c55c9d7a0b786b40d95599a5b244d6eaef79c7a74fcf5104d8"},
    {file = "rapidfuzz-2.15.1-cp38-cp38-musllinux_1_1_x86_64.whl", hash = "sha256:ed17359061840eb249f8d833cb213942e8299ffc4f67251a6ed61833a9f2ea20"},
    {file = "rapidfuzz-2.15.1-cp38-cp38-win32.whl", hash = "sha256:aa1e5aad325168e29bf8e17006479b97024aa9d2fdbe12062bd2f8f09080acf8"},
    {file = "rapidfuzz-2.15.1-cp38-cp38-win_amd64.whl", hash = "sha256:c2bb68832b140c551dbed691290bef4ee6719d4e8ce1b7226a3736f61a9d1a83"},
    {file = "rapidfuzz-2.15.1-cp39-cp39-macosx_10_9_universal2.whl", hash = "sha256:3fac40972cf7b6c14dded88ae2331eb50dfbc278aa9195473ef6fc6bfe49f686"},
    {file = "rapidfuzz-2.15.1-cp39-cp39-macosx_10_9_x86_64.whl", hash = "sha256:f0e456cbdc0abf39352800309dab82fd3251179fa0ff6573fa117f51f4e84be8"},
    {file = "rapidfuzz-2.15.1-cp39-cp39-macosx_11_0_arm64.whl", hash = "sha256:22b9d22022b9d09fd4ece15102270ab9b6a5cfea8b6f6d1965c1df7e3783f5ff"},
    {file = "rapidfuzz-2.15.1-cp39-cp39-manylinux_2_17_aarch64.manylinux2014_aarch64.whl", hash = "sha256:46754fe404a9a6f5cbf7abe02d74af390038d94c9b8c923b3f362467606bfa28"},
    {file = "rapidfuzz-2.15.1-cp39-cp39-manylinux_2_17_i686.manylinux2014_i686.whl", hash = "sha256:91abb8bf7610efe326394adc1d45e1baca8f360e74187f3fa0ef3df80cdd3ba6"},
    {file = "rapidfuzz-2.15.1-cp39-cp39-manylinux_2_17_ppc64le.manylinux2014_ppc64le.whl", hash = "sha256:e40a2f60024f9d3c15401e668f732800114a023f3f8d8c40f1521a62081ff054"},
    {file = "rapidfuzz-2.15.1-cp39-cp39-manylinux_2_17_s390x.manylinux2014_s390x.whl", hash = "sha256:a48ee83916401ac73938526d7bd804e01d2a8fe61809df7f1577b0b3b31049a3"},
    {file = "rapidfuzz-2.15.1-cp39-cp39-manylinux_2_17_x86_64.manylinux2014_x86_64.whl", hash = "sha256:c71580052f9dbac443c02f60484e5a2e5f72ad4351b84b2009fbe345b1f38422"},
    {file = "rapidfuzz-2.15.1-cp39-cp39-musllinux_1_1_aarch64.whl", hash = "sha256:82b86d5b8c1b9bcbc65236d75f81023c78d06a721c3e0229889ff4ed5c858169"},
    {file = "rapidfuzz-2.15.1-cp39-cp39-musllinux_1_1_i686.whl", hash = "sha256:fc4528b7736e5c30bc954022c2cf410889abc19504a023abadbc59cdf9f37cae"},
    {file = "rapidfuzz-2.15.1-cp39-cp39-musllinux_1_1_ppc64le.whl", hash = "sha256:e1e0e569108a5760d8f01d0f2148dd08cc9a39ead79fbefefca9e7c7723c7e88"},
    {file = "rapidfuzz-2.15.1-cp39-cp39-musllinux_1_1_s390x.whl", hash = "sha256:94e1c97f0ad45b05003806f8a13efc1fc78983e52fa2ddb00629003acf4676ef"},
    {file = "rapidfuzz-2.15.1-cp39-cp39-musllinux_1_1_x86_64.whl", hash = "sha256:47e81767a962e41477a85ad7ac937e34d19a7d2a80be65614f008a5ead671c56"},
    {file = "rapidfuzz-2.15.1-cp39-cp39-win32.whl", hash = "sha256:79fc574aaf2d7c27ec1022e29c9c18f83cdaf790c71c05779528901e0caad89b"},
    {file = "rapidfuzz-2.15.1-cp39-cp39-win_amd64.whl", hash = "sha256:f3dd4bcef2d600e0aa121e19e6e62f6f06f22a89f82ef62755e205ce14727874"},
    {file = "rapidfuzz-2.15.1-cp39-cp39-win_arm64.whl", hash = "sha256:cac095cbdf44bc286339a77214bbca6d4d228c9ebae3da5ff6a80aaeb7c35634"},
    {file = "rapidfuzz-2.15.1-pp37-pypy37_pp73-macosx_10_9_x86_64.whl", hash = "sha256:b89d1126be65c85763d56e3b47d75f1a9b7c5529857b4d572079b9a636eaa8a7"},
    {file = "rapidfuzz-2.15.1-pp37-pypy37_pp73-manylinux_2_17_aarch64.manylinux2014_aarch64.whl", hash = "sha256:19b7460e91168229768be882ea365ba0ac7da43e57f9416e2cfadc396a7df3c2"},
    {file = "rapidfuzz-2.15.1-pp37-pypy37_pp73-manylinux_2_17_i686.manylinux2014_i686.whl", hash = "sha256:93c33c03e7092642c38f8a15ca2d8fc38da366f2526ec3b46adf19d5c7aa48ba"},
    {file = "rapidfuzz-2.15.1-pp37-pypy37_pp73-manylinux_2_17_x86_64.manylinux2014_x86_64.whl", hash = "sha256:040faca2e26d9dab5541b45ce72b3f6c0e36786234703fc2ac8c6f53bb576743"},
    {file = "rapidfuzz-2.15.1-pp37-pypy37_pp73-win_amd64.whl", hash = "sha256:6e2a3b23e1e9aa13474b3c710bba770d0dcc34d517d3dd6f97435a32873e3f28"},
    {file = "rapidfuzz-2.15.1-pp38-pypy38_pp73-macosx_10_9_x86_64.whl", hash = "sha256:2e597b9dfd6dd180982684840975c458c50d447e46928efe3e0120e4ec6f6686"},
    {file = "rapidfuzz-2.15.1-pp38-pypy38_pp73-manylinux_2_17_aarch64.manylinux2014_aarch64.whl", hash = "sha256:d14752c9dd2036c5f36ebe8db5f027275fa7d6b3ec6484158f83efb674bab84e"},
    {file = "rapidfuzz-2.15.1-pp38-pypy38_pp73-manylinux_2_17_i686.manylinux2014_i686.whl", hash = "sha256:558224b6fc6124d13fa32d57876f626a7d6188ba2a97cbaea33a6ee38a867e31"},
    {file = "rapidfuzz-2.15.1-pp38-pypy38_pp73-manylinux_2_17_x86_64.manylinux2014_x86_64.whl", hash = "sha256:3c89cfa88dc16fd8c9bcc0c7f0b0073f7ef1e27cceb246c9f5a3f7004fa97c4d"},
    {file = "rapidfuzz-2.15.1-pp38-pypy38_pp73-win_amd64.whl", hash = "sha256:509c5b631cd64df69f0f011893983eb15b8be087a55bad72f3d616b6ae6a0f96"},
    {file = "rapidfuzz-2.15.1-pp39-pypy39_pp73-macosx_10_9_x86_64.whl", hash = "sha256:0f73a04135a03a6e40393ecd5d46a7a1049d353fc5c24b82849830d09817991f"},
    {file = "rapidfuzz-2.15.1-pp39-pypy39_pp73-manylinux_2_17_aarch64.manylinux2014_aarch64.whl", hash = "sha256:8c99d53138a2dfe8ada67cb2855719f934af2733d726fbf73247844ce4dd6dd5"},
    {file = "rapidfuzz-2.15.1-pp39-pypy39_pp73-manylinux_2_17_i686.manylinux2014_i686.whl", hash = "sha256:f01fa757f0fb332a1f045168d29b0d005de6c39ee5ce5d6c51f2563bb53c601b"},
    {file = "rapidfuzz-2.15.1-pp39-pypy39_pp73-manylinux_2_17_x86_64.manylinux2014_x86_64.whl", hash = "sha256:60368e1add6e550faae65614844c43f8a96e37bf99404643b648bf2dba92c0fb"},
    {file = "rapidfuzz-2.15.1-pp39-pypy39_pp73-win_amd64.whl", hash = "sha256:785744f1270828cc632c5a3660409dee9bcaac6931a081bae57542c93e4d46c4"},
    {file = "rapidfuzz-2.15.1.tar.gz", hash = "sha256:d62137c2ca37aea90a11003ad7dc109c8f1739bfbe5a9a217f3cdb07d7ac00f6"},
]

[package.extras]
full = ["numpy"]

[metadata]
lock-version = "2.0"
python-versions = "^3.10"
content-hash = "a4e3c39540371f8b5a2c6de00e3f166a653a2ff6dd3922bedca7143ee25b007e"
